// !$*UTF8*$!
{
	archiveVersion = 1;
	classes = {
	};
	objectVersion = 46;
	objects = {

/* Begin PBXBuildFile section */
		74EEF4E61DB7C485008AC16D /* AppDelegate.swift in Sources */ = {isa = PBXBuildFile; fileRef = 74EEF4E51DB7C485008AC16D /* AppDelegate.swift */; };
		74EEF4E81DB7C485008AC16D /* ViewController.swift in Sources */ = {isa = PBXBuildFile; fileRef = 74EEF4E71DB7C485008AC16D /* ViewController.swift */; };
		74EEF4EB1DB7C485008AC16D /* Main.storyboard in Resources */ = {isa = PBXBuildFile; fileRef = 74EEF4E91DB7C485008AC16D /* Main.storyboard */; };
		74EEF4EE1DB7C485008AC16D /* Calculator.xcdatamodeld in Sources */ = {isa = PBXBuildFile; fileRef = 74EEF4EC1DB7C485008AC16D /* Calculator.xcdatamodeld */; };
		74EEF4F01DB7C485008AC16D /* Assets.xcassets in Resources */ = {isa = PBXBuildFile; fileRef = 74EEF4EF1DB7C485008AC16D /* Assets.xcassets */; };
		74EEF4F31DB7C485008AC16D /* LaunchScreen.storyboard in Resources */ = {isa = PBXBuildFile; fileRef = 74EEF4F11DB7C485008AC16D /* LaunchScreen.storyboard */; };
		74EEF4FE1DB7C485008AC16D /* CalculatorTests.swift in Sources */ = {isa = PBXBuildFile; fileRef = 74EEF4FD1DB7C485008AC16D /* CalculatorTests.swift */; };
/* End PBXBuildFile section */

/* Begin PBXContainerItemProxy section */
		74EEF4FA1DB7C485008AC16D /* PBXContainerItemProxy */ = {
			isa = PBXContainerItemProxy;
			containerPortal = 74EEF4DA1DB7C485008AC16D /* Project object */;
			proxyType = 1;
			remoteGlobalIDString = 74EEF4E11DB7C485008AC16D;
			remoteInfo = Calculator;
		};
/* End PBXContainerItemProxy section */

/* Begin PBXFileReference section */
		74EEF4E21DB7C485008AC16D /* Calculator.app */ = {isa = PBXFileReference; explicitFileType = wrapper.application; includeInIndex = 0; path = Calculator.app; sourceTree = BUILT_PRODUCTS_DIR; };
		74EEF4E51DB7C485008AC16D /* AppDelegate.swift */ = {isa = PBXFileReference; lastKnownFileType = sourcecode.swift; path = AppDelegate.swift; sourceTree = "<group>"; };
		74EEF4E71DB7C485008AC16D /* ViewController.swift */ = {isa = PBXFileReference; lastKnownFileType = sourcecode.swift; path = ViewController.swift; sourceTree = "<group>"; };
		74EEF4EA1DB7C485008AC16D /* Base */ = {isa = PBXFileReference; lastKnownFileType = file.storyboard; name = Base; path = Base.lproj/Main.storyboard; sourceTree = "<group>"; };
		74EEF4ED1DB7C485008AC16D /* Calculator.xcdatamodel */ = {isa = PBXFileReference; lastKnownFileType = wrapper.xcdatamodel; path = Calculator.xcdatamodel; sourceTree = "<group>"; };
		74EEF4EF1DB7C485008AC16D /* Assets.xcassets */ = {isa = PBXFileReference; lastKnownFileType = folder.assetcatalog; path = Assets.xcassets; sourceTree = "<group>"; };
		74EEF4F21DB7C485008AC16D /* Base */ = {isa = PBXFileReference; lastKnownFileType = file.storyboard; name = Base; path = Base.lproj/LaunchScreen.storyboard; sourceTree = "<group>"; };
		74EEF4F41DB7C485008AC16D /* Info.plist */ = {isa = PBXFileReference; lastKnownFileType = text.plist.xml; path = Info.plist; sourceTree = "<group>"; };
		74EEF4F91DB7C485008AC16D /* CalculatorTests.xctest */ = {isa = PBXFileReference; explicitFileType = wrapper.cfbundle; includeInIndex = 0; path = CalculatorTests.xctest; sourceTree = BUILT_PRODUCTS_DIR; };
		74EEF4FD1DB7C485008AC16D /* CalculatorTests.swift */ = {isa = PBXFileReference; lastKnownFileType = sourcecode.swift; path = CalculatorTests.swift; sourceTree = "<group>"; };
		74EEF4FF1DB7C485008AC16D /* Info.plist */ = {isa = PBXFileReference; lastKnownFileType = text.plist.xml; path = Info.plist; sourceTree = "<group>"; };
/* End PBXFileReference section */

/* Begin PBXFrameworksBuildPhase section */
		74EEF4DF1DB7C485008AC16D /* Frameworks */ = {
			isa = PBXFrameworksBuildPhase;
			buildActionMask = 2147483647;
			files = (
			);
			runOnlyForDeploymentPostprocessing = 0;
		};
		74EEF4F61DB7C485008AC16D /* Frameworks */ = {
			isa = PBXFrameworksBuildPhase;
			buildActionMask = 2147483647;
			files = (
			);
			runOnlyForDeploymentPostprocessing = 0;
		};
/* End PBXFrameworksBuildPhase section */

/* Begin PBXGroup section */
		74EEF4D91DB7C485008AC16D = {
			isa = PBXGroup;
			children = (
				74EEF4E41DB7C485008AC16D /* Calculator */,
				74EEF4FC1DB7C485008AC16D /* CalculatorTests */,
				74EEF4E31DB7C485008AC16D /* Products */,
			);
			sourceTree = "<group>";
		};
		74EEF4E31DB7C485008AC16D /* Products */ = {
			isa = PBXGroup;
			children = (
				74EEF4E21DB7C485008AC16D /* Calculator.app */,
				74EEF4F91DB7C485008AC16D /* CalculatorTests.xctest */,
			);
			name = Products;
			sourceTree = "<group>";
		};
		74EEF4E41DB7C485008AC16D /* Calculator */ = {
			isa = PBXGroup;
			children = (
				74EEF4E51DB7C485008AC16D /* AppDelegate.swift */,
				74EEF4E71DB7C485008AC16D /* ViewController.swift */,
				74EEF4E91DB7C485008AC16D /* Main.storyboard */,
				74EEF4EF1DB7C485008AC16D /* Assets.xcassets */,
				74EEF4F11DB7C485008AC16D /* LaunchScreen.storyboard */,
				74EEF4F41DB7C485008AC16D /* Info.plist */,
				74EEF4EC1DB7C485008AC16D /* Calculator.xcdatamodeld */,
			);
			path = Calculator;
			sourceTree = "<group>";
		};
		74EEF4FC1DB7C485008AC16D /* CalculatorTests */ = {
			isa = PBXGroup;
			children = (
				74EEF4FD1DB7C485008AC16D /* CalculatorTests.swift */,
				74EEF4FF1DB7C485008AC16D /* Info.plist */,
			);
			path = CalculatorTests;
			sourceTree = "<group>";
		};
/* End PBXGroup section */

/* Begin PBXNativeTarget section */
		74EEF4E11DB7C485008AC16D /* Calculator */ = {
			isa = PBXNativeTarget;
			buildConfigurationList = 74EEF5021DB7C485008AC16D /* Build configuration list for PBXNativeTarget "Calculator" */;
			buildPhases = (
				74EEF4DE1DB7C485008AC16D /* Sources */,
				74EEF4DF1DB7C485008AC16D /* Frameworks */,
				74EEF4E01DB7C485008AC16D /* Resources */,
			);
			buildRules = (
			);
			dependencies = (
			);
			name = Calculator;
			productName = Calculator;
			productReference = 74EEF4E21DB7C485008AC16D /* Calculator.app */;
			productType = "com.apple.product-type.application";
		};
		74EEF4F81DB7C485008AC16D /* CalculatorTests */ = {
			isa = PBXNativeTarget;
			buildConfigurationList = 74EEF5051DB7C485008AC16D /* Build configuration list for PBXNativeTarget "CalculatorTests" */;
			buildPhases = (
				74EEF4F51DB7C485008AC16D /* Sources */,
				74EEF4F61DB7C485008AC16D /* Frameworks */,
				74EEF4F71DB7C485008AC16D /* Resources */,
			);
			buildRules = (
			);
			dependencies = (
				74EEF4FB1DB7C485008AC16D /* PBXTargetDependency */,
			);
			name = CalculatorTests;
			productName = CalculatorTests;
			productReference = 74EEF4F91DB7C485008AC16D /* CalculatorTests.xctest */;
			productType = "com.apple.product-type.bundle.unit-test";
		};
/* End PBXNativeTarget section */

/* Begin PBXProject section */
		74EEF4DA1DB7C485008AC16D /* Project object */ = {
			isa = PBXProject;
			attributes = {
				LastSwiftUpdateCheck = 0800;
				LastUpgradeCheck = 0800;
				ORGANIZATIONNAME = "Damiaan Dufaux";
				TargetAttributes = {
					74EEF4E11DB7C485008AC16D = {
						CreatedOnToolsVersion = 8.0;
						DevelopmentTeam = 7TD9A665TC;
						ProvisioningStyle = Automatic;
					};
					74EEF4F81DB7C485008AC16D = {
						CreatedOnToolsVersion = 8.0;
						DevelopmentTeam = 7TD9A665TC;
						ProvisioningStyle = Automatic;
						TestTargetID = 74EEF4E11DB7C485008AC16D;
					};
				};
			};
			buildConfigurationList = 74EEF4DD1DB7C485008AC16D /* Build configuration list for PBXProject "Calculator" */;
			compatibilityVersion = "Xcode 3.2";
			developmentRegion = English;
			hasScannedForEncodings = 0;
			knownRegions = (
				en,
				Base,
			);
			mainGroup = 74EEF4D91DB7C485008AC16D;
			productRefGroup = 74EEF4E31DB7C485008AC16D /* Products */;
			projectDirPath = "";
			projectRoot = "";
			targets = (
				74EEF4E11DB7C485008AC16D /* Calculator */,
				74EEF4F81DB7C485008AC16D /* CalculatorTests */,
			);
		};
/* End PBXProject section */

/* Begin PBXResourcesBuildPhase section */
		74EEF4E01DB7C485008AC16D /* Resources */ = {
			isa = PBXResourcesBuildPhase;
			buildActionMask = 2147483647;
			files = (
				74EEF4F31DB7C485008AC16D /* LaunchScreen.storyboard in Resources */,
				74EEF4F01DB7C485008AC16D /* Assets.xcassets in Resources */,
				74EEF4EB1DB7C485008AC16D /* Main.storyboard in Resources */,
			);
			runOnlyForDeploymentPostprocessing = 0;
		};
		74EEF4F71DB7C485008AC16D /* Resources */ = {
			isa = PBXResourcesBuildPhase;
			buildActionMask = 2147483647;
			files = (
			);
			runOnlyForDeploymentPostprocessing = 0;
		};
/* End PBXResourcesBuildPhase section */

/* Begin PBXSourcesBuildPhase section */
		74EEF4DE1DB7C485008AC16D /* Sources */ = {
			isa = PBXSourcesBuildPhase;
			buildActionMask = 2147483647;
			files = (
				74EEF4E81DB7C485008AC16D /* ViewController.swift in Sources */,
				74EEF4E61DB7C485008AC16D /* AppDelegate.swift in Sources */,
				74EEF4EE1DB7C485008AC16D /* Calculator.xcdatamodeld in Sources */,
			);
			runOnlyForDeploymentPostprocessing = 0;
		};
		74EEF4F51DB7C485008AC16D /* Sources */ = {
			isa = PBXSourcesBuildPhase;
			buildActionMask = 2147483647;
			files = (
				74EEF4FE1DB7C485008AC16D /* CalculatorTests.swift in Sources */,
			);
			runOnlyForDeploymentPostprocessing = 0;
		};
/* End PBXSourcesBuildPhase section */

/* Begin PBXTargetDependency section */
		74EEF4FB1DB7C485008AC16D /* PBXTargetDependency */ = {
			isa = PBXTargetDependency;
			target = 74EEF4E11DB7C485008AC16D /* Calculator */;
			targetProxy = 74EEF4FA1DB7C485008AC16D /* PBXContainerItemProxy */;
		};
/* End PBXTargetDependency section */

/* Begin PBXVariantGroup section */
		74EEF4E91DB7C485008AC16D /* Main.storyboard */ = {
			isa = PBXVariantGroup;
			children = (
				74EEF4EA1DB7C485008AC16D /* Base */,
			);
			name = Main.storyboard;
			sourceTree = "<group>";
		};
		74EEF4F11DB7C485008AC16D /* LaunchScreen.storyboard */ = {
			isa = PBXVariantGroup;
			children = (
				74EEF4F21DB7C485008AC16D /* Base */,
			);
			name = LaunchScreen.storyboard;
			sourceTree = "<group>";
		};
/* End PBXVariantGroup section */

/* Begin XCBuildConfiguration section */
		74EEF5001DB7C485008AC16D /* Debug */ = {
			isa = XCBuildConfiguration;
			buildSettings = {
				ALWAYS_SEARCH_USER_PATHS = NO;
				CLANG_ANALYZER_NONNULL = YES;
				CLANG_CXX_LANGUAGE_STANDARD = "gnu++0x";
				CLANG_CXX_LIBRARY = "libc++";
				CLANG_ENABLE_MODULES = YES;
				CLANG_ENABLE_OBJC_ARC = YES;
				CLANG_WARN_BOOL_CONVERSION = YES;
				CLANG_WARN_CONSTANT_CONVERSION = YES;
				CLANG_WARN_DIRECT_OBJC_ISA_USAGE = YES_ERROR;
				CLANG_WARN_DOCUMENTATION_COMMENTS = YES;
				CLANG_WARN_EMPTY_BODY = YES;
				CLANG_WARN_ENUM_CONVERSION = YES;
				CLANG_WARN_INFINITE_RECURSION = YES;
				CLANG_WARN_INT_CONVERSION = YES;
				CLANG_WARN_OBJC_ROOT_CLASS = YES_ERROR;
				CLANG_WARN_SUSPICIOUS_MOVES = YES;
				CLANG_WARN_UNREACHABLE_CODE = YES;
				CLANG_WARN__DUPLICATE_METHOD_MATCH = YES;
				"CODE_SIGN_IDENTITY[sdk=iphoneos*]" = "iPhone Developer";
				COPY_PHASE_STRIP = NO;
				DEBUG_INFORMATION_FORMAT = dwarf;
				ENABLE_STRICT_OBJC_MSGSEND = YES;
				ENABLE_TESTABILITY = YES;
				GCC_C_LANGUAGE_STANDARD = gnu99;
				GCC_DYNAMIC_NO_PIC = NO;
				GCC_NO_COMMON_BLOCKS = YES;
				GCC_OPTIMIZATION_LEVEL = 0;
				GCC_PREPROCESSOR_DEFINITIONS = (
					"DEBUG=1",
					"$(inherited)",
				);
				GCC_WARN_64_TO_32_BIT_CONVERSION = YES;
				GCC_WARN_ABOUT_RETURN_TYPE = YES_ERROR;
				GCC_WARN_UNDECLARED_SELECTOR = YES;
				GCC_WARN_UNINITIALIZED_AUTOS = YES_AGGRESSIVE;
				GCC_WARN_UNUSED_FUNCTION = YES;
				GCC_WARN_UNUSED_VARIABLE = YES;
				IPHONEOS_DEPLOYMENT_TARGET = 10.0;
				MTL_ENABLE_DEBUG_INFO = YES;
				ONLY_ACTIVE_ARCH = YES;
				SDKROOT = iphoneos;
				SWIFT_ACTIVE_COMPILATION_CONDITIONS = DEBUG;
				SWIFT_OPTIMIZATION_LEVEL = "-Onone";
				TARGETED_DEVICE_FAMILY = "1,2";
			};
			name = Debug;
		};
		74EEF5011DB7C485008AC16D /* Release */ = {
			isa = XCBuildConfiguration;
			buildSettings = {
				ALWAYS_SEARCH_USER_PATHS = NO;
				CLANG_ANALYZER_NONNULL = YES;
				CLANG_CXX_LANGUAGE_STANDARD = "gnu++0x";
				CLANG_CXX_LIBRARY = "libc++";
				CLANG_ENABLE_MODULES = YES;
				CLANG_ENABLE_OBJC_ARC = YES;
				CLANG_WARN_BOOL_CONVERSION = YES;
				CLANG_WARN_CONSTANT_CONVERSION = YES;
				CLANG_WARN_DIRECT_OBJC_ISA_USAGE = YES_ERROR;
				CLANG_WARN_DOCUMENTATION_COMMENTS = YES;
				CLANG_WARN_EMPTY_BODY = YES;
				CLANG_WARN_ENUM_CONVERSION = YES;
				CLANG_WARN_INFINITE_RECURSION = YES;
				CLANG_WARN_INT_CONVERSION = YES;
				CLANG_WARN_OBJC_ROOT_CLASS = YES_ERROR;
				CLANG_WARN_SUSPICIOUS_MOVES = YES;
				CLANG_WARN_UNREACHABLE_CODE = YES;
				CLANG_WARN__DUPLICATE_METHOD_MATCH = YES;
				"CODE_SIGN_IDENTITY[sdk=iphoneos*]" = "iPhone Developer";
				COPY_PHASE_STRIP = NO;
				DEBUG_INFORMATION_FORMAT = "dwarf-with-dsym";
				ENABLE_NS_ASSERTIONS = NO;
				ENABLE_STRICT_OBJC_MSGSEND = YES;
				GCC_C_LANGUAGE_STANDARD = gnu99;
				GCC_NO_COMMON_BLOCKS = YES;
				GCC_WARN_64_TO_32_BIT_CONVERSION = YES;
				GCC_WARN_ABOUT_RETURN_TYPE = YES_ERROR;
				GCC_WARN_UNDECLARED_SELECTOR = YES;
				GCC_WARN_UNINITIALIZED_AUTOS = YES_AGGRESSIVE;
				GCC_WARN_UNUSED_FUNCTION = YES;
				GCC_WARN_UNUSED_VARIABLE = YES;
				IPHONEOS_DEPLOYMENT_TARGET = 10.0;
				MTL_ENABLE_DEBUG_INFO = NO;
				SDKROOT = iphoneos;
				SWIFT_OPTIMIZATION_LEVEL = "-Owholemodule";
				TARGETED_DEVICE_FAMILY = "1,2";
				VALIDATE_PRODUCT = YES;
			};
			name = Release;
		};
		74EEF5031DB7C485008AC16D /* Debug */ = {
			isa = XCBuildConfiguration;
			buildSettings = {
				ASSETCATALOG_COMPILER_APPICON_NAME = AppIcon;
				DEVELOPMENT_TEAM = 7TD9A665TC;
				INFOPLIST_FILE = Calculator/Info.plist;
				LD_RUNPATH_SEARCH_PATHS = "$(inherited) @executable_path/Frameworks";
				PRODUCT_BUNDLE_IDENTIFIER = com.devian.Calculator;
				PRODUCT_NAME = "$(TARGET_NAME)";
				SWIFT_VERSION = 3.0;
			};
			name = Debug;
		};
		74EEF5041DB7C485008AC16D /* Release */ = {
			isa = XCBuildConfiguration;
			buildSettings = {
				ASSETCATALOG_COMPILER_APPICON_NAME = AppIcon;
				DEVELOPMENT_TEAM = 7TD9A665TC;
				INFOPLIST_FILE = Calculator/Info.plist;
				LD_RUNPATH_SEARCH_PATHS = "$(inherited) @executable_path/Frameworks";
				PRODUCT_BUNDLE_IDENTIFIER = com.devian.Calculator;
				PRODUCT_NAME = "$(TARGET_NAME)";
				SWIFT_VERSION = 3.0;
			};
			name = Release;
		};
		74EEF5061DB7C485008AC16D /* Debug */ = {
			isa = XCBuildConfiguration;
			buildSettings = {
				ALWAYS_EMBED_SWIFT_STANDARD_LIBRARIES = YES;
				BUNDLE_LOADER = "$(TEST_HOST)";
				DEVELOPMENT_TEAM = 7TD9A665TC;
				INFOPLIST_FILE = CalculatorTests/Info.plist;
				LD_RUNPATH_SEARCH_PATHS = "$(inherited) @executable_path/Frameworks @loader_path/Frameworks";
				PRODUCT_BUNDLE_IDENTIFIER = com.devian.CalculatorTests;
				PRODUCT_NAME = "$(TARGET_NAME)";
				SWIFT_VERSION = 3.0;
				TEST_HOST = "$(BUILT_PRODUCTS_DIR)/Calculator.app/Calculator";
			};
			name = Debug;
		};
		74EEF5071DB7C485008AC16D /* Release */ = {
			isa = XCBuildConfiguration;
			buildSettings = {
				ALWAYS_EMBED_SWIFT_STANDARD_LIBRARIES = YES;
				BUNDLE_LOADER = "$(TEST_HOST)";
				DEVELOPMENT_TEAM = 7TD9A665TC;
				INFOPLIST_FILE = CalculatorTests/Info.plist;
				LD_RUNPATH_SEARCH_PATHS = "$(inherited) @executable_path/Frameworks @loader_path/Frameworks";
				PRODUCT_BUNDLE_IDENTIFIER = com.devian.CalculatorTests;
				PRODUCT_NAME = "$(TARGET_NAME)";
				SWIFT_VERSION = 3.0;
				TEST_HOST = "$(BUILT_PRODUCTS_DIR)/Calculator.app/Calculator";
			};
			name = Release;
		};
/* End XCBuildConfiguration section */

/* Begin XCConfigurationList section */
		74EEF4DD1DB7C485008AC16D /* Build configuration list for PBXProject "Calculator" */ = {
			isa = XCConfigurationList;
			buildConfigurations = (
				74EEF5001DB7C485008AC16D /* Debug */,
				74EEF5011DB7C485008AC16D /* Release */,
			);
			defaultConfigurationIsVisible = 0;
			defaultConfigurationName = Release;
		};
		74EEF5021DB7C485008AC16D /* Build configuration list for PBXNativeTarget "Calculator" */ = {
			isa = XCConfigurationList;
			buildConfigurations = (
				74EEF5031DB7C485008AC16D /* Debug */,
				74EEF5041DB7C485008AC16D /* Release */,
			);
			defaultConfigurationIsVisible = 0;
		};
		74EEF5051DB7C485008AC16D /* Build configuration list for PBXNativeTarget "CalculatorTests" */ = {
			isa = XCConfigurationList;
			buildConfigurations = (
				74EEF5061DB7C485008AC16D /* Debug */,
				74EEF5071DB7C485008AC16D /* Release */,
			);
			defaultConfigurationIsVisible = 0;
		};
/* End XCConfigurationList section */

/* Begin XCVersionGroup section */
		74EEF4EC1DB7C485008AC16D /* Calculator.xcdatamodeld */ = {
			isa = XCVersionGroup;
			children = (
				74EEF4ED1DB7C485008AC16D /* Calculator.xcdatamodel */,
			);
			currentVersion = 74EEF4ED1DB7C485008AC16D /* Calculator.xcdatamodel */;
			path = Calculator.xcdatamodeld;
			sourceTree = "<group>";
			versionGroupType = wrapper.xcdatamodel;
		};
/* End XCVersionGroup section */
	};
	rootObject = 74EEF4DA1DB7C485008AC16D /* Project object */;
}
